{
  "object": {
    "pins": [
      {
        "package": "CLMDB",
        "repositoryURL": "https://github.com/tannerdsilva/CLMDB.git",
        "state": {
          "branch": null,
          "revision": "f7510b3861a7f27bb054ddb0f1ee2983dd6a0f6f",
          "version": "0.9.29"
        }
      }
    ]
  },
  "version": 1
}
